
Microsoft Visual Studio Solution File, Format Version 12.00
# Visual Studio Version 17
VisualStudioVersion = 17.14.36705.20 d17.14
MinimumVisualStudioVersion = 10.0.40219.1
Project("{FAE04EC0-301F-11D3-BF4B-00C04F79EFBC}") = "laba 1 C#", "laba 1 C#\laba 1 C#.csproj", "{09FF261F-C021-4DE9-BC1D-10292E3B0A90}"
EndProject
Global
	GlobalSection(SolutionConfigurationPlatforms) = preSolution
		Debug|Any CPU = Debug|Any CPU
		Release|Any CPU = Release|Any CPU
	EndGlobalSection
	GlobalSection(ProjectConfigurationPlatforms) = postSolution
		{09FF261F-C021-4DE9-BC1D-10292E3B0A90}.Debug|Any CPU.ActiveCfg = Debug|Any CPU
		{09FF261F-C021-4DE9-BC1D-10292E3B0A90}.Debug|Any CPU.Build.0 = Debug|Any CPU
		{09FF261F-C021-4DE9-BC1D-10292E3B0A90}.Release|Any CPU.ActiveCfg = Release|Any CPU
		{09FF261F-C021-4DE9-BC1D-10292E3B0A90}.Release|Any CPU.Build.0 = Release|Any CPU
	EndGlobalSection
	GlobalSection(SolutionProperties) = preSolution
		HideSolutionNode = FALSE
	EndGlobalSection
	GlobalSection(ExtensibilityGlobals) = postSolution
		SolutionGuid = {8A8C1434-B705-4439-BE4A-59CBE06DA899}
	EndGlobalSection
EndGlobal
